
Microsoft Visual Studio Solution File, Format Version 12.00
# Visual Studio Version 17
VisualStudioVersion = 17.8.34322.80
MinimumVisualStudioVersion = 10.0.40219.1
Project("{FAE04EC0-301F-11D3-BF4B-00C04F79EFBC}") = "Reduceability1", "Reduceability1\Reduceability1.csproj", "{D568B6DC-7323-4F84-A243-4129B569EE32}"
EndProject
Global
	GlobalSection(SolutionConfigurationPlatforms) = preSolution
		Debug|Any CPU = Debug|Any CPU
		Release|Any CPU = Release|Any CPU
	EndGlobalSection
	GlobalSection(ProjectConfigurationPlatforms) = postSolution
		{D568B6DC-7323-4F84-A243-4129B569EE32}.Debug|Any CPU.ActiveCfg = Debug|Any CPU
		{D568B6DC-7323-4F84-A243-4129B569EE32}.Debug|Any CPU.Build.0 = Debug|Any CPU
		{D568B6DC-7323-4F84-A243-4129B569EE32}.Release|Any CPU.ActiveCfg = Release|Any CPU
		{D568B6DC-7323-4F84-A243-4129B569EE32}.Release|Any CPU.Build.0 = Release|Any CPU
	EndGlobalSection
	GlobalSection(SolutionProperties) = preSolution
		HideSolutionNode = FALSE
	EndGlobalSection
	GlobalSection(ExtensibilityGlobals) = postSolution
		SolutionGuid = {B7F56323-FBDD-4EF4-9AEC-407DEC55C3C3}
	EndGlobalSection
EndGlobal
